
Microsoft Visual Studio Solution File, Format Version 12.00
# Visual Studio 15
VisualStudioVersion = 15.0.28307.572
MinimumVisualStudioVersion = 10.0.40219.1
Project("{FAE04EC0-301F-11D3-BF4B-00C04F79EFBC}") = "MaturityValuation", "MaturityValuation\MaturityValuation.csproj", "{2B2E5C5C-5D5C-41F2-B688-D795F12FC5DA}"
EndProject
Project("{FAE04EC0-301F-11D3-BF4B-00C04F79EFBC}") = "MaturityValuationTest", "MaturityValuationTest\MaturityValuationTest.csproj", "{42F9873D-7F60-4459-ADF0-FED146146861}"
EndProject
Global
	GlobalSection(SolutionConfigurationPlatforms) = preSolution
		Debug|Any CPU = Debug|Any CPU
		Release|Any CPU = Release|Any CPU
	EndGlobalSection
	GlobalSection(ProjectConfigurationPlatforms) = postSolution
		{2B2E5C5C-5D5C-41F2-B688-D795F12FC5DA}.Debug|Any CPU.ActiveCfg = Debug|Any CPU
		{2B2E5C5C-5D5C-41F2-B688-D795F12FC5DA}.Debug|Any CPU.Build.0 = Debug|Any CPU
		{2B2E5C5C-5D5C-41F2-B688-D795F12FC5DA}.Release|Any CPU.ActiveCfg = Release|Any CPU
		{2B2E5C5C-5D5C-41F2-B688-D795F12FC5DA}.Release|Any CPU.Build.0 = Release|Any CPU
		{42F9873D-7F60-4459-ADF0-FED146146861}.Debug|Any CPU.ActiveCfg = Debug|Any CPU
		{42F9873D-7F60-4459-ADF0-FED146146861}.Debug|Any CPU.Build.0 = Debug|Any CPU
		{42F9873D-7F60-4459-ADF0-FED146146861}.Release|Any CPU.ActiveCfg = Release|Any CPU
		{42F9873D-7F60-4459-ADF0-FED146146861}.Release|Any CPU.Build.0 = Release|Any CPU
	EndGlobalSection
	GlobalSection(SolutionProperties) = preSolution
		HideSolutionNode = FALSE
	EndGlobalSection
	GlobalSection(ExtensibilityGlobals) = postSolution
		SolutionGuid = {55B37B6F-2A75-4C3C-BAA5-6FFEC9B76F84}
	EndGlobalSection
EndGlobal
